
Microsoft Visual Studio Solution File, Format Version 12.00
# Visual Studio Version 17
VisualStudioVersion = 17.0.31912.275
MinimumVisualStudioVersion = 10.0.40219.1
Project("{9A19103F-16F7-4668-BE54-9A1E7A4F7556}") = "GuidUpdater", "GuidUpdater\GuidUpdater.csproj", "{7C1A5B49-5D0C-4831-B777-8E56675CA578}"
EndProject
Project("{2150E333-8FDC-42A3-9474-1A3956D46DE8}") = "Solution Items", "Solution Items", "{451B5360-73E5-4FE8-AE61-1F201322AC24}"
	ProjectSection(SolutionItems) = preProject
		.gitignore = .gitignore
		LICENSE = LICENSE
		README.md = README.md
	EndProjectSection
EndProject
Project("{2150E333-8FDC-42A3-9474-1A3956D46DE8}") = "Licenses", "Licenses", "{87391C72-1CD1-4660-9EC0-1B197672CD92}"
	ProjectSection(SolutionItems) = preProject
		Licenses\YamlDotNet.md = Licenses\YamlDotNet.md
	EndProjectSection
EndProject
Project("{FAE04EC0-301F-11D3-BF4B-00C04F79EFBC}") = "GuidUpdater.ConsoleApp", "GuidUpdater.ConsoleApp\GuidUpdater.ConsoleApp.csproj", "{83C5B8CC-0DAD-4A58-9FD2-76D543DA86B4}"
EndProject
Project("{FAE04EC0-301F-11D3-BF4B-00C04F79EFBC}") = "GuidUpdater.Tests", "GuidUpdater.Tests\GuidUpdater.Tests.csproj", "{FDB2BD1D-2A4C-4D07-81C0-1ED479EA4CC4}"
EndProject
Global
	GlobalSection(SolutionConfigurationPlatforms) = preSolution
		Debug|Any CPU = Debug|Any CPU
		Release|Any CPU = Release|Any CPU
	EndGlobalSection
	GlobalSection(ProjectConfigurationPlatforms) = postSolution
		{7C1A5B49-5D0C-4831-B777-8E56675CA578}.Debug|Any CPU.ActiveCfg = Debug|Any CPU
		{7C1A5B49-5D0C-4831-B777-8E56675CA578}.Debug|Any CPU.Build.0 = Debug|Any CPU
		{7C1A5B49-5D0C-4831-B777-8E56675CA578}.Release|Any CPU.ActiveCfg = Release|Any CPU
		{7C1A5B49-5D0C-4831-B777-8E56675CA578}.Release|Any CPU.Build.0 = Release|Any CPU
		{83C5B8CC-0DAD-4A58-9FD2-76D543DA86B4}.Debug|Any CPU.ActiveCfg = Debug|Any CPU
		{83C5B8CC-0DAD-4A58-9FD2-76D543DA86B4}.Debug|Any CPU.Build.0 = Debug|Any CPU
		{83C5B8CC-0DAD-4A58-9FD2-76D543DA86B4}.Release|Any CPU.ActiveCfg = Release|Any CPU
		{83C5B8CC-0DAD-4A58-9FD2-76D543DA86B4}.Release|Any CPU.Build.0 = Release|Any CPU
		{FDB2BD1D-2A4C-4D07-81C0-1ED479EA4CC4}.Debug|Any CPU.ActiveCfg = Debug|Any CPU
		{FDB2BD1D-2A4C-4D07-81C0-1ED479EA4CC4}.Debug|Any CPU.Build.0 = Debug|Any CPU
		{FDB2BD1D-2A4C-4D07-81C0-1ED479EA4CC4}.Release|Any CPU.ActiveCfg = Release|Any CPU
		{FDB2BD1D-2A4C-4D07-81C0-1ED479EA4CC4}.Release|Any CPU.Build.0 = Release|Any CPU
	EndGlobalSection
	GlobalSection(SolutionProperties) = preSolution
		HideSolutionNode = FALSE
	EndGlobalSection
	GlobalSection(NestedProjects) = preSolution
		{87391C72-1CD1-4660-9EC0-1B197672CD92} = {451B5360-73E5-4FE8-AE61-1F201322AC24}
	EndGlobalSection
	GlobalSection(ExtensibilityGlobals) = postSolution
		SolutionGuid = {1EEA7030-FF13-42AE-875A-D1C0890A2A34}
	EndGlobalSection
EndGlobal
